<?xml version="1.0" encoding="utf-8"?>
<Project ToolsVersion="4.0" xmlns="http://schemas.microsoft.com/developer/msbuild/2003">
  <ItemGroup>
    <Filter Include="소스 파일">
      <UniqueIdentifier>{4FC737F1-C7A5-4376-A066-2A32D752A2FF}</UniqueIdentifier>
      <Extensions>cpp;c;cc;cxx;def;odl;idl;hpj;bat;asm;asmx</Extensions>
    </Filter>
    <Filter Include="헤더 파일">
      <UniqueIdentifier>{93995380-89BD-4b04-88EB-625FBE52EBFB}</UniqueIdentifier>
      <Extensions>h;hh;hpp;hxx;hm;inl;inc;xsd</Extensions>
    </Filter>
    <Filter Include="리소스 파일">
      <UniqueIdentifier>{67DA6AB6-F800-4c08-8B7A-83BB121AAD01}</UniqueIdentifier>
      <Extensions>rc;ico;cur;bmp;dlg;rc2;rct;bin;rgs;gif;jpg;jpeg;jpe;resx;tiff;tif;png;wav;mfcribbon-ms</Extensions>
    </Filter>
  </ItemGroup>
  <ItemGroup>
    <ClCompile Include="baekjoon_10809.cpp">
      <Filter>소스 파일</Filter>
    </ClCompile>
    <ClCompile Include="baekjoon_5622.cpp">
      <Filter>소스 파일</Filter>
    </ClCompile>
    <ClCompile Include="baekjoon_2941.cpp">
      <Filter>소스 파일</Filter>
    </ClCompile>
    <ClCompile Include="baekjoon_1011.cpp">
      <Filter>소스 파일</Filter>
    </ClCompile>
    <ClCompile Include="baekjoon_2775.cpp">
      <Filter>소스 파일</Filter>
    </ClCompile>
    <ClCompile Include="baekjoon_1193.cpp">
      <Filter>소스 파일</Filter>
    </ClCompile>
    <ClCompile Include="baekjoon_2292.cpp">
      <Filter>소스 파일</Filter>
    </ClCompile>
    <ClCompile Include="baekjoon_1924.cpp">
      <Filter>소스 파일</Filter>
    </ClCompile>
    <ClCompile Include="baekjoon_1475.cpp">
      <Filter>소스 파일</Filter>
    </ClCompile>
    <ClCompile Include="baekjoon_10250.cpp">
      <Filter>소스 파일</Filter>
    </ClCompile>
    <ClCompile Include="baekjoon_14502.cpp">
      <Filter>소스 파일</Filter>
    </ClCompile>
    <ClCompile Include="소스.cpp">
      <Filter>소스 파일</Filter>
    </ClCompile>
    <ClCompile Include="baekjoon_10951.cpp">
      <Filter>소스 파일</Filter>
    </ClCompile>
    <ClCompile Include="baekjoon_a+b.cpp">
      <Filter>소스 파일</Filter>
    </ClCompile>
    <ClCompile Include="baekjoon_13023.cpp">
      <Filter>소스 파일</Filter>
    </ClCompile>
    <ClCompile Include="baekjoon_10828.cpp">
      <Filter>소스 파일</Filter>
    </ClCompile>
    <ClCompile Include="baekjoon_9093.cpp">
      <Filter>소스 파일</Filter>
    </ClCompile>
    <ClCompile Include="baekjoon_1158.cpp">
      <Filter>소스 파일</Filter>
    </ClCompile>
    <ClCompile Include="baekjoon_1937.cpp">
      <Filter>소스 파일</Filter>
    </ClCompile>
    <ClCompile Include="baekjoon_10430.cpp">
      <Filter>소스 파일</Filter>
    </ClCompile>
    <ClCompile Include="baekjoon_1476.cpp">
      <Filter>소스 파일</Filter>
    </ClCompile>
    <ClCompile Include="baekjoon_14888.cpp">
      <Filter>소스 파일</Filter>
    </ClCompile>
    <ClCompile Include="baekjoon_9095.cpp">
      <Filter>소스 파일</Filter>
    </ClCompile>
    <ClCompile Include="baekjoon_10819.cpp">
      <Filter>소스 파일</Filter>
    </ClCompile>
    <ClCompile Include="baekjoon_9465.cpp">
      <Filter>소스 파일</Filter>
    </ClCompile>
    <ClCompile Include="baekjoon_2290.cpp">
      <Filter>소스 파일</Filter>
    </ClCompile>
    <ClCompile Include="baekjoon_2109.cpp">
      <Filter>소스 파일</Filter>
    </ClCompile>
    <ClCompile Include="baekjoon_1781.cpp">
      <Filter>소스 파일</Filter>
    </ClCompile>
    <ClCompile Include="baekjoon_2747.cpp">
      <Filter>소스 파일</Filter>
    </ClCompile>
    <ClCompile Include="baekjoon_11050.cpp">
      <Filter>소스 파일</Filter>
    </ClCompile>
    <ClCompile Include="baekjoon_1759.cpp">
      <Filter>소스 파일</Filter>
    </ClCompile>
    <ClCompile Include="baekjoon_1202.cpp">
      <Filter>소스 파일</Filter>
    </ClCompile>
    <ClCompile Include="baekjoon_1179.cpp">
      <Filter>소스 파일</Filter>
    </ClCompile>
    <ClCompile Include="baekjoon_1181.cpp">
      <Filter>소스 파일</Filter>
    </ClCompile>
    <ClCompile Include="baekjoon_2609.cpp">
      <Filter>소스 파일</Filter>
    </ClCompile>
    <ClCompile Include="baekjoon_2798.cpp">
      <Filter>소스 파일</Filter>
    </ClCompile>
    <ClCompile Include="baekjoon_9655.cpp">
      <Filter>소스 파일</Filter>
    </ClCompile>
    <ClCompile Include="baekjoon_9657.cpp">
      <Filter>소스 파일</Filter>
    </ClCompile>
    <ClCompile Include="baekjoon_9659.cpp">
      <Filter>소스 파일</Filter>
    </ClCompile>
    <ClCompile Include="baekjoon_1085.cpp">
      <Filter>소스 파일</Filter>
    </ClCompile>
    <ClCompile Include="baekjoon_1259.cpp">
      <Filter>소스 파일</Filter>
    </ClCompile>
    <ClCompile Include="baekjoon_10814.cpp">
      <Filter>소스 파일</Filter>
    </ClCompile>
    <ClCompile Include="baekjoon_16236.cpp">
      <Filter>소스 파일</Filter>
    </ClCompile>
    <ClCompile Include="baekjoon_2751.cpp">
      <Filter>소스 파일</Filter>
    </ClCompile>
    <ClCompile Include="baekjoon_11650.cpp">
      <Filter>소스 파일</Filter>
    </ClCompile>
    <ClCompile Include="baekjoon_2164.cpp">
      <Filter>소스 파일</Filter>
    </ClCompile>
    <ClCompile Include="baekjoon_1920.cpp">
      <Filter>소스 파일</Filter>
    </ClCompile>
    <ClCompile Include="baekjoon_1764.cpp">
      <Filter>소스 파일</Filter>
    </ClCompile>
    <ClCompile Include="baekjoon_1629.cpp">
      <Filter>소스 파일</Filter>
    </ClCompile>
    <ClCompile Include="baekjoon_16562.cpp">
      <Filter>소스 파일</Filter>
    </ClCompile>
    <ClCompile Include="baekjoon_1717.cpp">
      <Filter>소스 파일</Filter>
    </ClCompile>
    <ClCompile Include="baekjoon_2252.cpp">
      <Filter>소스 파일</Filter>
    </ClCompile>
    <ClCompile Include="baekjoon_1766.cpp">
      <Filter>소스 파일</Filter>
    </ClCompile>
    <ClCompile Include="baekjoon_7785.cpp">
      <Filter>소스 파일</Filter>
    </ClCompile>
    <ClCompile Include="baekjoon_12865.cpp">
      <Filter>소스 파일</Filter>
    </ClCompile>
    <ClCompile Include="baekjoon_10026.cpp">
      <Filter>소스 파일</Filter>
    </ClCompile>
    <ClCompile Include="baekjoon_2225.cpp">
      <Filter>소스 파일</Filter>
    </ClCompile>
    <ClCompile Include="baekjoon_1208.cpp">
      <Filter>소스 파일</Filter>
    </ClCompile>
    <ClCompile Include="baekjoon_2056.cpp">
      <Filter>소스 파일</Filter>
    </ClCompile>
    <ClCompile Include="baekjoon_2660.cpp">
      <Filter>소스 파일</Filter>
    </ClCompile>
    <ClCompile Include="baekjoon_13458.cpp">
      <Filter>소스 파일</Filter>
    </ClCompile>
    <ClCompile Include="baekjoon_14501.cpp">
      <Filter>소스 파일</Filter>
    </ClCompile>
    <ClCompile Include="baekjoon_15486.cpp">
      <Filter>소스 파일</Filter>
    </ClCompile>
    <ClCompile Include="baekjoon_4811.cpp">
      <Filter>소스 파일</Filter>
    </ClCompile>
    <ClCompile Include="baekjoon_3047.cpp">
      <Filter>소스 파일</Filter>
    </ClCompile>
    <ClCompile Include="baekjoon_12969.cpp">
      <Filter>소스 파일</Filter>
    </ClCompile>
    <ClCompile Include="baekjoon_14891.cpp">
      <Filter>소스 파일</Filter>
    </ClCompile>
    <ClCompile Include="baekjoon_14499.cpp">
      <Filter>소스 파일</Filter>
    </ClCompile>
    <ClCompile Include="baekjoon_14500.cpp">
      <Filter>소스 파일</Filter>
    </ClCompile>
    <ClCompile Include="baekjoon_15661.cpp">
      <Filter>소스 파일</Filter>
    </ClCompile>
    <ClCompile Include="baekjoon_14889.cpp">
      <Filter>소스 파일</Filter>
    </ClCompile>
    <ClCompile Include="baekjoon_15686.cpp">
      <Filter>소스 파일</Filter>
    </ClCompile>
    <ClCompile Include="baekjoon_1697.cpp">
      <Filter>소스 파일</Filter>
    </ClCompile>
    <ClCompile Include="baekjoon_5014.cpp">
      <Filter>소스 파일</Filter>
    </ClCompile>
    <ClCompile Include="baekjoon_15683.cpp">
      <Filter>소스 파일</Filter>
    </ClCompile>
    <ClCompile Include="baekjoon_1453.cpp">
      <Filter>소스 파일</Filter>
    </ClCompile>
    <ClCompile Include="baekjoon_1748.cpp">
      <Filter>소스 파일</Filter>
    </ClCompile>
    <ClCompile Include="baekjoon_2003.cpp">
      <Filter>소스 파일</Filter>
    </ClCompile>
    <ClCompile Include="baekjoon_1987.cpp">
      <Filter>소스 파일</Filter>
    </ClCompile>
    <ClCompile Include="baekjoon_15591.cpp">
      <Filter>소스 파일</Filter>
    </ClCompile>
    <ClCompile Include="baekjoon_2638.cpp">
      <Filter>소스 파일</Filter>
    </ClCompile>
    <ClCompile Include="baekjoon_1405.cpp">
      <Filter>소스 파일</Filter>
    </ClCompile>
    <ClCompile Include="baekjoon_1339.cpp">
      <Filter>소스 파일</Filter>
    </ClCompile>
    <ClCompile Include="baekjoon_1316.cpp">
      <Filter>소스 파일</Filter>
    </ClCompile>
    <ClCompile Include="baekjoon_1292.cpp">
      <Filter>소스 파일</Filter>
    </ClCompile>
    <ClCompile Include="baekjoon_15650.cpp">
      <Filter>소스 파일</Filter>
    </ClCompile>
    <ClCompile Include="baekjoon_11723.cpp">
      <Filter>소스 파일</Filter>
    </ClCompile>
    <ClCompile Include="baekjoon_11399.cpp">
      <Filter>소스 파일</Filter>
    </ClCompile>
    <ClCompile Include="baekjoon_1260.cpp">
      <Filter>소스 파일</Filter>
    </ClCompile>
    <ClCompile Include="baekjoon_9019.cpp">
      <Filter>소스 파일</Filter>
    </ClCompile>
    <ClCompile Include="baekjoon_7576.cpp">
      <Filter>소스 파일</Filter>
    </ClCompile>
    <ClCompile Include="baekjoon_7569.cpp">
      <Filter>소스 파일</Filter>
    </ClCompile>
    <ClCompile Include="baekjoon_1107.cpp">
      <Filter>소스 파일</Filter>
    </ClCompile>
    <ClCompile Include="baekjoon_1003.cpp">
      <Filter>소스 파일</Filter>
    </ClCompile>
    <ClCompile Include="baekjoon_1012.cpp">
      <Filter>소스 파일</Filter>
    </ClCompile>
    <ClCompile Include="baekjoon_2606.cpp">
      <Filter>소스 파일</Filter>
    </ClCompile>
    <ClCompile Include="baekjoon_17626.cpp">
      <Filter>소스 파일</Filter>
    </ClCompile>
    <ClCompile Include="baekjoon_17219.cpp">
      <Filter>소스 파일</Filter>
    </ClCompile>
    <ClCompile Include="baekjoon_1931.cpp">
      <Filter>소스 파일</Filter>
    </ClCompile>
    <ClCompile Include="baekjoon_17070.cpp">
      <Filter>소스 파일</Filter>
    </ClCompile>
    <ClCompile Include="baekjoon_11053.cpp">
      <Filter>소스 파일</Filter>
    </ClCompile>
    <ClCompile Include="baekjoon_1152.cpp">
      <Filter>소스 파일</Filter>
    </ClCompile>
    <ClCompile Include="baekjoon_11720.cpp">
      <Filter>소스 파일</Filter>
    </ClCompile>
    <ClCompile Include="baekjoon_8958.cpp">
      <Filter>소스 파일</Filter>
    </ClCompile>
    <ClCompile Include="baekjoon_2920.cpp">
      <Filter>소스 파일</Filter>
    </ClCompile>
    <ClCompile Include="baekjoon_1620.cpp">
      <Filter>소스 파일</Filter>
    </ClCompile>
    <ClCompile Include="baekjoon_2565.cpp">
      <Filter>소스 파일</Filter>
    </ClCompile>
    <ClCompile Include="baekjoon_2568.cpp">
      <Filter>소스 파일</Filter>
    </ClCompile>
    <ClCompile Include="baekjoon_17144.cpp">
      <Filter>소스 파일</Filter>
    </ClCompile>
    <ClCompile Include="baekjoon_1865.cpp">
      <Filter>소스 파일</Filter>
    </ClCompile>
    <ClCompile Include="baekjoon_18870.cpp">
      <Filter>소스 파일</Filter>
    </ClCompile>
    <ClCompile Include="baekjoon_1463.cpp">
      <Filter>소스 파일</Filter>
    </ClCompile>
    <ClCompile Include="baekjoon_2630.cpp">
      <Filter>소스 파일</Filter>
    </ClCompile>
    <ClCompile Include="baekjoon_1074.cpp">
      <Filter>소스 파일</Filter>
    </ClCompile>
    <ClCompile Include="baekjoon_11724.cpp">
      <Filter>소스 파일</Filter>
    </ClCompile>
    <ClCompile Include="baekjoon_11726.cpp">
      <Filter>소스 파일</Filter>
    </ClCompile>
    <ClCompile Include="baekjoon_3425.cpp">
      <Filter>소스 파일</Filter>
    </ClCompile>
    <ClCompile Include="baekjoon_1713.cpp">
      <Filter>소스 파일</Filter>
    </ClCompile>
    <ClCompile Include="baekjoon_3055.cpp">
      <Filter>소스 파일</Filter>
    </ClCompile>
    <ClCompile Include="baekjoon_2805.cpp">
      <Filter>소스 파일</Filter>
    </ClCompile>
    <ClCompile Include="baekjoon_1072.cpp">
      <Filter>소스 파일</Filter>
    </ClCompile>
    <ClCompile Include="baekjoon_1806.cpp">
      <Filter>소스 파일</Filter>
    </ClCompile>
    <ClCompile Include="baekjoon_2096.cpp">
      <Filter>소스 파일</Filter>
    </ClCompile>
    <ClCompile Include="baekjoon_2143.cpp">
      <Filter>소스 파일</Filter>
    </ClCompile>
    <ClCompile Include="baekjoon_3020.cpp">
      <Filter>소스 파일</Filter>
    </ClCompile>
    <ClCompile Include="baekjoon_1275.cpp">
      <Filter>소스 파일</Filter>
    </ClCompile>
    <ClCompile Include="baekjoon_2042.cpp">
      <Filter>소스 파일</Filter>
    </ClCompile>
    <ClCompile Include="baekjoon_2094.cpp">
      <Filter>소스 파일</Filter>
    </ClCompile>
    <ClCompile Include="baekjoon_1991.cpp">
      <Filter>소스 파일</Filter>
    </ClCompile>
    <ClCompile Include="baekjoon_6416.cpp">
      <Filter>소스 파일</Filter>
    </ClCompile>
    <ClCompile Include="baekjoon_1572.cpp">
      <Filter>소스 파일</Filter>
    </ClCompile>
    <ClCompile Include="baekjoon_3830.cpp">
      <Filter>소스 파일</Filter>
    </ClCompile>
    <ClCompile Include="baekjoon_5639.cpp">
      <Filter>소스 파일</Filter>
    </ClCompile>
    <ClCompile Include="baekjoon_1655.cpp">
      <Filter>소스 파일</Filter>
    </ClCompile>
    <ClCompile Include="baekjoon_4358.cpp">
      <Filter>소스 파일</Filter>
    </ClCompile>
    <ClCompile Include="baekjoon_2014.cpp">
      <Filter>소스 파일</Filter>
    </ClCompile>
    <ClCompile Include="baekjoon_1927.cpp">
      <Filter>소스 파일</Filter>
    </ClCompile>
    <ClCompile Include="baekjoon_11279.cpp">
      <Filter>소스 파일</Filter>
    </ClCompile>
    <ClCompile Include="baekjoon_2243.cpp">
      <Filter>소스 파일</Filter>
    </ClCompile>
    <ClCompile Include="baekjoon_9202.cpp">
      <Filter>소스 파일</Filter>
    </ClCompile>
    <ClCompile Include="baekjoon_3020(2).cpp">
      <Filter>소스 파일</Filter>
    </ClCompile>
    <ClCompile Include="baekjoon_11659.cpp">
      <Filter>소스 파일</Filter>
    </ClCompile>
    <ClCompile Include="baekjoon_11660.cpp">
      <Filter>소스 파일</Filter>
    </ClCompile>
    <ClCompile Include="baekjoon_2579.cpp">
      <Filter>소스 파일</Filter>
    </ClCompile>
    <ClCompile Include="baekjoon_1932.cpp">
      <Filter>소스 파일</Filter>
    </ClCompile>
    <ClCompile Include="baekjoon_11049.cpp">
      <Filter>소스 파일</Filter>
    </ClCompile>
    <ClCompile Include="baekjoon_14003.cpp">
      <Filter>소스 파일</Filter>
    </ClCompile>
    <ClCompile Include="baekjoon_10211.cpp">
      <Filter>소스 파일</Filter>
    </ClCompile>
    <ClCompile Include="baekjoon_7579.cpp">
      <Filter>소스 파일</Filter>
    </ClCompile>
    <ClCompile Include="baekjoon_11051.cpp">
      <Filter>소스 파일</Filter>
    </ClCompile>
    <ClCompile Include="baekjoon_1010.cpp">
      <Filter>소스 파일</Filter>
    </ClCompile>
    <ClCompile Include="baekjoon_5568.cpp">
      <Filter>소스 파일</Filter>
    </ClCompile>
    <ClCompile Include="baekjoon_13251.cpp">
      <Filter>소스 파일</Filter>
    </ClCompile>
    <ClCompile Include="baekjoon_1722.cpp">
      <Filter>소스 파일</Filter>
    </ClCompile>
    <ClCompile Include="baekjoon_15663.cpp">
      <Filter>소스 파일</Filter>
    </ClCompile>
    <ClCompile Include="baekjoon_15664.cpp">
      <Filter>소스 파일</Filter>
    </ClCompile>
    <ClCompile Include="baekjoon_1256.cpp">
      <Filter>소스 파일</Filter>
    </ClCompile>
    <ClCompile Include="baekjoon_15652.cpp">
      <Filter>소스 파일</Filter>
    </ClCompile>
    <ClCompile Include="baekjoon_5569.cpp">
      <Filter>소스 파일</Filter>
    </ClCompile>
    <ClCompile Include="baekjoon_5557.cpp">
      <Filter>소스 파일</Filter>
    </ClCompile>
    <ClCompile Include="baekjoon_5582.cpp">
      <Filter>소스 파일</Filter>
    </ClCompile>
    <ClCompile Include="baekjoon_9252.cpp">
      <Filter>소스 파일</Filter>
    </ClCompile>
    <ClCompile Include="baekjoon_11062.cpp">
      <Filter>소스 파일</Filter>
    </ClCompile>
    <ClCompile Include="baekjoon_10714.cpp">
      <Filter>소스 파일</Filter>
    </ClCompile>
    <ClCompile Include="baekjoon_2342.cpp">
      <Filter>소스 파일</Filter>
    </ClCompile>
    <ClCompile Include="baekjoon_1958.cpp">
      <Filter>소스 파일</Filter>
    </ClCompile>
    <ClCompile Include="baekjoon_13711.cpp">
      <Filter>소스 파일</Filter>
    </ClCompile>
  </ItemGroup>
</Project>